
Microsoft Visual Studio Solution File, Format Version 12.00
# Visual Studio Version 16
VisualStudioVersion = 16.0.29306.81
MinimumVisualStudioVersion = 10.0.40219.1
Project("{9A19103F-16F7-4668-BE54-9A1E7A4F7556}") = "Lego.Ev3.Framework.Examples.QuickStart", "Lego.Ev3.Framework.Examples.QuickStart\Lego.Ev3.Framework.Examples.QuickStart.csproj", "{372F9C9C-9DD4-4600-8EA7-E1767932F022}"
EndProject
Global
	GlobalSection(SolutionConfigurationPlatforms) = preSolution
		Debug|Any CPU = Debug|Any CPU
		Release|Any CPU = Release|Any CPU
	EndGlobalSection
	GlobalSection(ProjectConfigurationPlatforms) = postSolution
		{372F9C9C-9DD4-4600-8EA7-E1767932F022}.Debug|Any CPU.ActiveCfg = Debug|Any CPU
		{372F9C9C-9DD4-4600-8EA7-E1767932F022}.Debug|Any CPU.Build.0 = Debug|Any CPU
		{372F9C9C-9DD4-4600-8EA7-E1767932F022}.Release|Any CPU.ActiveCfg = Release|Any CPU
		{372F9C9C-9DD4-4600-8EA7-E1767932F022}.Release|Any CPU.Build.0 = Release|Any CPU
	EndGlobalSection
	GlobalSection(SolutionProperties) = preSolution
		HideSolutionNode = FALSE
	EndGlobalSection
	GlobalSection(ExtensibilityGlobals) = postSolution
		SolutionGuid = {A8CF7793-B7A6-464A-8206-4E69B5431D67}
	EndGlobalSection
EndGlobal
